
Microsoft Visual Studio Solution File, Format Version 12.00
Project("{FAE04EC0-301F-11D3-BF4B-00C04F79EFBC}") = "Lab_8", "Lab_8\Lab_8.csproj", "{C286B6A3-E9F6-4C83-A38D-2DEB230A074A}"
EndProject
Global
	GlobalSection(SolutionConfigurationPlatforms) = preSolution
		Debug|Any CPU = Debug|Any CPU
		Release|Any CPU = Release|Any CPU
	EndGlobalSection
	GlobalSection(ProjectConfigurationPlatforms) = postSolution
		{C286B6A3-E9F6-4C83-A38D-2DEB230A074A}.Debug|Any CPU.ActiveCfg = Debug|Any CPU
		{C286B6A3-E9F6-4C83-A38D-2DEB230A074A}.Debug|Any CPU.Build.0 = Debug|Any CPU
		{C286B6A3-E9F6-4C83-A38D-2DEB230A074A}.Release|Any CPU.ActiveCfg = Release|Any CPU
		{C286B6A3-E9F6-4C83-A38D-2DEB230A074A}.Release|Any CPU.Build.0 = Release|Any CPU
	EndGlobalSection
EndGlobal
