
Microsoft Visual Studio Solution File, Format Version 12.00
# Visual Studio Version 17
VisualStudioVersion = 17.5.002.0
MinimumVisualStudioVersion = 10.0.40219.1
Project("{9A19103F-16F7-4668-BE54-9A1E7A4F7556}") = "353502_Kharitonchyk", "353502_Kharitonchyk.csproj", "{5951D5C3-CEE7-4AB5-B635-3D03EAB963F4}"
EndProject
Global
	GlobalSection(SolutionConfigurationPlatforms) = preSolution
		Debug|Any CPU = Debug|Any CPU
		Release|Any CPU = Release|Any CPU
	EndGlobalSection
	GlobalSection(ProjectConfigurationPlatforms) = postSolution
		{5951D5C3-CEE7-4AB5-B635-3D03EAB963F4}.Debug|Any CPU.ActiveCfg = Debug|Any CPU
		{5951D5C3-CEE7-4AB5-B635-3D03EAB963F4}.Debug|Any CPU.Build.0 = Debug|Any CPU
		{5951D5C3-CEE7-4AB5-B635-3D03EAB963F4}.Release|Any CPU.ActiveCfg = Release|Any CPU
		{5951D5C3-CEE7-4AB5-B635-3D03EAB963F4}.Release|Any CPU.Build.0 = Release|Any CPU
	EndGlobalSection
	GlobalSection(SolutionProperties) = preSolution
		HideSolutionNode = FALSE
	EndGlobalSection
	GlobalSection(ExtensibilityGlobals) = postSolution
		SolutionGuid = {11C1C17F-4505-4C39-AA61-11A2704ECE60}
	EndGlobalSection
EndGlobal
